// !$*UTF8*$!
{
	archiveVersion = 1;
	classes = {
	};
	objectVersion = 77;
	objects = {

/* Begin PBXBuildFile section */
		430B88792CDD411A0070C0EA /* SDWebImageSwiftUI in Frameworks */ = {isa = PBXBuildFile; productRef = 430B88782CDD411A0070C0EA /* SDWebImageSwiftUI */; };
		DE4E0EEE2CDC1CEE00880A2B /* GoogleSignIn in Frameworks */ = {isa = PBXBuildFile; productRef = DE4E0EED2CDC1CEE00880A2B /* GoogleSignIn */; };
		DE4E0EF02CDC1CEE00880A2B /* GoogleSignInSwift in Frameworks */ = {isa = PBXBuildFile; productRef = DE4E0EEF2CDC1CEE00880A2B /* GoogleSignInSwift */; };
		DE4E0EF32CDC1D6500880A2B /* FirebaseAnalytics in Frameworks */ = {isa = PBXBuildFile; productRef = DE4E0EF22CDC1D6500880A2B /* FirebaseAnalytics */; };
		DE4E0EF52CDC1D6500880A2B /* FirebaseAuth in Frameworks */ = {isa = PBXBuildFile; productRef = DE4E0EF42CDC1D6500880A2B /* FirebaseAuth */; };
		DE4E0EF72CDC1D6500880A2B /* FirebaseCrashlytics in Frameworks */ = {isa = PBXBuildFile; productRef = DE4E0EF62CDC1D6500880A2B /* FirebaseCrashlytics */; };
		DE4E0EF92CDC1D6500880A2B /* FirebaseDatabase in Frameworks */ = {isa = PBXBuildFile; productRef = DE4E0EF82CDC1D6500880A2B /* FirebaseDatabase */; };
		DE4E0EFB2CDC1D6500880A2B /* FirebaseFirestore in Frameworks */ = {isa = PBXBuildFile; productRef = DE4E0EFA2CDC1D6500880A2B /* FirebaseFirestore */; };
		DE4E0EFD2CDC1D6500880A2B /* FirebaseMessaging in Frameworks */ = {isa = PBXBuildFile; productRef = DE4E0EFC2CDC1D6500880A2B /* FirebaseMessaging */; };
		DE4E0EFF2CDC1D6500880A2B /* FirebaseStorage in Frameworks */ = {isa = PBXBuildFile; productRef = DE4E0EFE2CDC1D6500880A2B /* FirebaseStorage */; };
		DEE51C402CEAE2DF0037304A /* SwiftEntryKit in Frameworks */ = {isa = PBXBuildFile; productRef = DEE51C3F2CEAE2DF0037304A /* SwiftEntryKit */; };
/* End PBXBuildFile section */

/* Begin PBXFileReference section */
		DEBE37682CC07AB200B2E3E5 /* ResicloApp.app */ = {isa = PBXFileReference; explicitFileType = wrapper.application; includeInIndex = 0; path = ResicloApp.app; sourceTree = BUILT_PRODUCTS_DIR; };
/* End PBXFileReference section */

/* Begin PBXFileSystemSynchronizedBuildFileExceptionSet section */
		437B760B2CF2AC86007198A8 /* Exceptions for "ResicloApp" folder in "ResicloApp" target */ = {
			isa = PBXFileSystemSynchronizedBuildFileExceptionSet;
			membershipExceptions = (
				info.plist,
			);
			target = DEBE37672CC07AB200B2E3E5 /* ResicloApp */;
		};
/* End PBXFileSystemSynchronizedBuildFileExceptionSet section */

/* Begin PBXFileSystemSynchronizedRootGroup section */
		DEBE376A2CC07AB200B2E3E5 /* ResicloApp */ = {
			isa = PBXFileSystemSynchronizedRootGroup;
			exceptions = (
				437B760B2CF2AC86007198A8 /* Exceptions for "ResicloApp" folder in "ResicloApp" target */,
			);
			path = ResicloApp;
			sourceTree = "<group>";
		};
/* End PBXFileSystemSynchronizedRootGroup section */

/* Begin PBXFrameworksBuildPhase section */
		DEBE37652CC07AB200B2E3E5 /* Frameworks */ = {
			isa = PBXFrameworksBuildPhase;
			buildActionMask = 2147483647;
			files = (
				430B88792CDD411A0070C0EA /* SDWebImageSwiftUI in Frameworks */,
				DE4E0EFD2CDC1D6500880A2B /* FirebaseMessaging in Frameworks */,
				DE4E0EF92CDC1D6500880A2B /* FirebaseDatabase in Frameworks */,
				DE4E0EFF2CDC1D6500880A2B /* FirebaseStorage in Frameworks */,
				DE4E0EEE2CDC1CEE00880A2B /* GoogleSignIn in Frameworks */,
				DE4E0EF02CDC1CEE00880A2B /* GoogleSignInSwift in Frameworks */,
				DE4E0EF72CDC1D6500880A2B /* FirebaseCrashlytics in Frameworks */,
				DE4E0EF32CDC1D6500880A2B /* FirebaseAnalytics in Frameworks */,
				DE4E0EF52CDC1D6500880A2B /* FirebaseAuth in Frameworks */,
				DE4E0EFB2CDC1D6500880A2B /* FirebaseFirestore in Frameworks */,
				DEE51C402CEAE2DF0037304A /* SwiftEntryKit in Frameworks */,
			);
			runOnlyForDeploymentPostprocessing = 0;
		};
/* End PBXFrameworksBuildPhase section */

/* Begin PBXGroup section */
		DEBE375F2CC07AB200B2E3E5 = {
			isa = PBXGroup;
			children = (
				DEBE376A2CC07AB200B2E3E5 /* ResicloApp */,
				DEBE37692CC07AB200B2E3E5 /* Products */,
			);
			sourceTree = "<group>";
		};
		DEBE37692CC07AB200B2E3E5 /* Products */ = {
			isa = PBXGroup;
			children = (
				DEBE37682CC07AB200B2E3E5 /* ResicloApp.app */,
			);
			name = Products;
			sourceTree = "<group>";
		};
/* End PBXGroup section */

/* Begin PBXNativeTarget section */
		DEBE37672CC07AB200B2E3E5 /* ResicloApp */ = {
			isa = PBXNativeTarget;
			buildConfigurationList = DEBE37762CC07AB400B2E3E5 /* Build configuration list for PBXNativeTarget "ResicloApp" */;
			buildPhases = (
				DEBE37642CC07AB200B2E3E5 /* Sources */,
				DEBE37652CC07AB200B2E3E5 /* Frameworks */,
				DEBE37662CC07AB200B2E3E5 /* Resources */,
			);
			buildRules = (
			);
			dependencies = (
			);
			fileSystemSynchronizedGroups = (
				DEBE376A2CC07AB200B2E3E5 /* ResicloApp */,
			);
			name = ResicloApp;
			packageProductDependencies = (
				DE4E0EED2CDC1CEE00880A2B /* GoogleSignIn */,
				DE4E0EEF2CDC1CEE00880A2B /* GoogleSignInSwift */,
				DE4E0EF22CDC1D6500880A2B /* FirebaseAnalytics */,
				DE4E0EF42CDC1D6500880A2B /* FirebaseAuth */,
				DE4E0EF62CDC1D6500880A2B /* FirebaseCrashlytics */,
				DE4E0EF82CDC1D6500880A2B /* FirebaseDatabase */,
				DE4E0EFA2CDC1D6500880A2B /* FirebaseFirestore */,
				DE4E0EFC2CDC1D6500880A2B /* FirebaseMessaging */,
				DE4E0EFE2CDC1D6500880A2B /* FirebaseStorage */,
				430B88782CDD411A0070C0EA /* SDWebImageSwiftUI */,
				DEE51C3F2CEAE2DF0037304A /* SwiftEntryKit */,
			);
			productName = ResicloApp;
			productReference = DEBE37682CC07AB200B2E3E5 /* ResicloApp.app */;
			productType = "com.apple.product-type.application";
		};
/* End PBXNativeTarget section */

/* Begin PBXProject section */
		DEBE37602CC07AB200B2E3E5 /* Project object */ = {
			isa = PBXProject;
			attributes = {
				BuildIndependentTargetsInParallel = 1;
				LastSwiftUpdateCheck = 1600;
				LastUpgradeCheck = 1600;
				TargetAttributes = {
					DEBE37672CC07AB200B2E3E5 = {
						CreatedOnToolsVersion = 16.0;
					};
				};
			};
			buildConfigurationList = DEBE37632CC07AB200B2E3E5 /* Build configuration list for PBXProject "ResicloApp" */;
			developmentRegion = en;
			hasScannedForEncodings = 0;
			knownRegions = (
				en,
				Base,
			);
			mainGroup = DEBE375F2CC07AB200B2E3E5;
			minimizedProjectReferenceProxies = 1;
			packageReferences = (
				DE4E0EEC2CDC1CEE00880A2B /* XCRemoteSwiftPackageReference "GoogleSignIn-ios" */,
				DE4E0EF12CDC1D6500880A2B /* XCRemoteSwiftPackageReference "firebase-ios-sdk" */,
				430B88772CDD411A0070C0EA /* XCRemoteSwiftPackageReference "SDWebImageSwiftUI" */,
				DEE51C3E2CEAE2DF0037304A /* XCRemoteSwiftPackageReference "SwiftEntryKit" */,
			);
			preferredProjectObjectVersion = 77;
			productRefGroup = DEBE37692CC07AB200B2E3E5 /* Products */;
			projectDirPath = "";
			projectRoot = "";
			targets = (
				DEBE37672CC07AB200B2E3E5 /* ResicloApp */,
			);
		};
/* End PBXProject section */

/* Begin PBXResourcesBuildPhase section */
		DEBE37662CC07AB200B2E3E5 /* Resources */ = {
			isa = PBXResourcesBuildPhase;
			buildActionMask = 2147483647;
			files = (
			);
			runOnlyForDeploymentPostprocessing = 0;
		};
/* End PBXResourcesBuildPhase section */

/* Begin PBXSourcesBuildPhase section */
		DEBE37642CC07AB200B2E3E5 /* Sources */ = {
			isa = PBXSourcesBuildPhase;
			buildActionMask = 2147483647;
			files = (
			);
			runOnlyForDeploymentPostprocessing = 0;
		};
/* End PBXSourcesBuildPhase section */

/* Begin XCBuildConfiguration section */
		DEBE37742CC07AB400B2E3E5 /* Debug */ = {
			isa = XCBuildConfiguration;
			buildSettings = {
				ALWAYS_SEARCH_USER_PATHS = NO;
				ASSETCATALOG_COMPILER_GENERATE_SWIFT_ASSET_SYMBOL_EXTENSIONS = YES;
				CLANG_ANALYZER_NONNULL = YES;
				CLANG_ANALYZER_NUMBER_OBJECT_CONVERSION = YES_AGGRESSIVE;
				CLANG_CXX_LANGUAGE_STANDARD = "gnu++20";
				CLANG_ENABLE_MODULES = YES;
				CLANG_ENABLE_OBJC_ARC = YES;
				CLANG_ENABLE_OBJC_WEAK = YES;
				CLANG_WARN_BLOCK_CAPTURE_AUTORELEASING = YES;
				CLANG_WARN_BOOL_CONVERSION = YES;
				CLANG_WARN_COMMA = YES;
				CLANG_WARN_CONSTANT_CONVERSION = YES;
				CLANG_WARN_DEPRECATED_OBJC_IMPLEMENTATIONS = YES;
				CLANG_WARN_DIRECT_OBJC_ISA_USAGE = YES_ERROR;
				CLANG_WARN_DOCUMENTATION_COMMENTS = YES;
				CLANG_WARN_EMPTY_BODY = YES;
				CLANG_WARN_ENUM_CONVERSION = YES;
				CLANG_WARN_INFINITE_RECURSION = YES;
				CLANG_WARN_INT_CONVERSION = YES;
				CLANG_WARN_NON_LITERAL_NULL_CONVERSION = YES;
				CLANG_WARN_OBJC_IMPLICIT_RETAIN_SELF = YES;
				CLANG_WARN_OBJC_LITERAL_CONVERSION = YES;
				CLANG_WARN_OBJC_ROOT_CLASS = YES_ERROR;
				CLANG_WARN_QUOTED_INCLUDE_IN_FRAMEWORK_HEADER = YES;
				CLANG_WARN_RANGE_LOOP_ANALYSIS = YES;
				CLANG_WARN_STRICT_PROTOTYPES = YES;
				CLANG_WARN_SUSPICIOUS_MOVE = YES;
				CLANG_WARN_UNGUARDED_AVAILABILITY = YES_AGGRESSIVE;
				CLANG_WARN_UNREACHABLE_CODE = YES;
				CLANG_WARN__DUPLICATE_METHOD_MATCH = YES;
				COPY_PHASE_STRIP = NO;
				DEBUG_INFORMATION_FORMAT = dwarf;
				ENABLE_STRICT_OBJC_MSGSEND = YES;
				ENABLE_TESTABILITY = YES;
				ENABLE_USER_SCRIPT_SANDBOXING = YES;
				GCC_C_LANGUAGE_STANDARD = gnu17;
				GCC_DYNAMIC_NO_PIC = NO;
				GCC_NO_COMMON_BLOCKS = YES;
				GCC_OPTIMIZATION_LEVEL = 0;
				GCC_PREPROCESSOR_DEFINITIONS = (
					"DEBUG=1",
					"$(inherited)",
				);
				GCC_WARN_64_TO_32_BIT_CONVERSION = YES;
				GCC_WARN_ABOUT_RETURN_TYPE = YES_ERROR;
				GCC_WARN_UNDECLARED_SELECTOR = YES;
				GCC_WARN_UNINITIALIZED_AUTOS = YES_AGGRESSIVE;
				GCC_WARN_UNUSED_FUNCTION = YES;
				GCC_WARN_UNUSED_VARIABLE = YES;
				IPHONEOS_DEPLOYMENT_TARGET = 18.0;
				LOCALIZATION_PREFERS_STRING_CATALOGS = YES;
				MTL_ENABLE_DEBUG_INFO = INCLUDE_SOURCE;
				MTL_FAST_MATH = YES;
				ONLY_ACTIVE_ARCH = YES;
				SDKROOT = iphoneos;
				SWIFT_ACTIVE_COMPILATION_CONDITIONS = "DEBUG $(inherited)";
				SWIFT_OPTIMIZATION_LEVEL = "-Onone";
			};
			name = Debug;
		};
		DEBE37752CC07AB400B2E3E5 /* Release */ = {
			isa = XCBuildConfiguration;
			buildSettings = {
				ALWAYS_SEARCH_USER_PATHS = NO;
				ASSETCATALOG_COMPILER_GENERATE_SWIFT_ASSET_SYMBOL_EXTENSIONS = YES;
				CLANG_ANALYZER_NONNULL = YES;
				CLANG_ANALYZER_NUMBER_OBJECT_CONVERSION = YES_AGGRESSIVE;
				CLANG_CXX_LANGUAGE_STANDARD = "gnu++20";
				CLANG_ENABLE_MODULES = YES;
				CLANG_ENABLE_OBJC_ARC = YES;
				CLANG_ENABLE_OBJC_WEAK = YES;
				CLANG_WARN_BLOCK_CAPTURE_AUTORELEASING = YES;
				CLANG_WARN_BOOL_CONVERSION = YES;
				CLANG_WARN_COMMA = YES;
				CLANG_WARN_CONSTANT_CONVERSION = YES;
				CLANG_WARN_DEPRECATED_OBJC_IMPLEMENTATIONS = YES;
				CLANG_WARN_DIRECT_OBJC_ISA_USAGE = YES_ERROR;
				CLANG_WARN_DOCUMENTATION_COMMENTS = YES;
				CLANG_WARN_EMPTY_BODY = YES;
				CLANG_WARN_ENUM_CONVERSION = YES;
				CLANG_WARN_INFINITE_RECURSION = YES;
				CLANG_WARN_INT_CONVERSION = YES;
				CLANG_WARN_NON_LITERAL_NULL_CONVERSION = YES;
				CLANG_WARN_OBJC_IMPLICIT_RETAIN_SELF = YES;
				CLANG_WARN_OBJC_LITERAL_CONVERSION = YES;
				CLANG_WARN_OBJC_ROOT_CLASS = YES_ERROR;
				CLANG_WARN_QUOTED_INCLUDE_IN_FRAMEWORK_HEADER = YES;
				CLANG_WARN_RANGE_LOOP_ANALYSIS = YES;
				CLANG_WARN_STRICT_PROTOTYPES = YES;
				CLANG_WARN_SUSPICIOUS_MOVE = YES;
				CLANG_WARN_UNGUARDED_AVAILABILITY = YES_AGGRESSIVE;
				CLANG_WARN_UNREACHABLE_CODE = YES;
				CLANG_WARN__DUPLICATE_METHOD_MATCH = YES;
				COPY_PHASE_STRIP = NO;
				DEBUG_INFORMATION_FORMAT = "dwarf-with-dsym";
				ENABLE_NS_ASSERTIONS = NO;
				ENABLE_STRICT_OBJC_MSGSEND = YES;
				ENABLE_USER_SCRIPT_SANDBOXING = YES;
				GCC_C_LANGUAGE_STANDARD = gnu17;
				GCC_NO_COMMON_BLOCKS = YES;
				GCC_WARN_64_TO_32_BIT_CONVERSION = YES;
				GCC_WARN_ABOUT_RETURN_TYPE = YES_ERROR;
				GCC_WARN_UNDECLARED_SELECTOR = YES;
				GCC_WARN_UNINITIALIZED_AUTOS = YES_AGGRESSIVE;
				GCC_WARN_UNUSED_FUNCTION = YES;
				GCC_WARN_UNUSED_VARIABLE = YES;
				IPHONEOS_DEPLOYMENT_TARGET = 18.0;
				LOCALIZATION_PREFERS_STRING_CATALOGS = YES;
				MTL_ENABLE_DEBUG_INFO = NO;
				MTL_FAST_MATH = YES;
				SDKROOT = iphoneos;
				SWIFT_COMPILATION_MODE = wholemodule;
				VALIDATE_PRODUCT = YES;
			};
			name = Release;
		};
		DEBE37772CC07AB400B2E3E5 /* Debug */ = {
			isa = XCBuildConfiguration;
			buildSettings = {
				ASSETCATALOG_COMPILER_APPICON_NAME = AppIcon;
				ASSETCATALOG_COMPILER_GLOBAL_ACCENT_COLOR_NAME = AccentColor;
				CODE_SIGN_STYLE = Automatic;
				CURRENT_PROJECT_VERSION = 1;
				DEVELOPMENT_ASSET_PATHS = "ResicloApp/Preview\\ Content";
				DEVELOPMENT_TEAM = YQ99SU827F;
				ENABLE_PREVIEWS = YES;
				GENERATE_INFOPLIST_FILE = YES;
				INFOPLIST_FILE = ResicloApp/Info.plist;
				INFOPLIST_KEY_LSApplicationCategoryType = "";
				INFOPLIST_KEY_NSCameraUsageDescription = "We need ypur camera to scan products";
				INFOPLIST_KEY_NSLocationAlwaysAndWhenInUseUsageDescription = "We need your location to show nearby recycling centers.";
				INFOPLIST_KEY_NSLocationWhenInUseUsageDescription = "We need your location to show nearby recycling centers.";
				INFOPLIST_KEY_NSPhotoLibraryUsageDescription = "Access to your phptps for scaning produvts";
				INFOPLIST_KEY_UIApplicationSceneManifest_Generation = YES;
				INFOPLIST_KEY_UIApplicationSupportsIndirectInputEvents = YES;
				INFOPLIST_KEY_UILaunchScreen_Generation = YES;
				INFOPLIST_KEY_UISupportedInterfaceOrientations_iPad = "UIInterfaceOrientationPortrait UIInterfaceOrientationPortraitUpsideDown UIInterfaceOrientationLandscapeLeft UIInterfaceOrientationLandscapeRight";
				INFOPLIST_KEY_UISupportedInterfaceOrientations_iPhone = "UIInterfaceOrientationPortrait UIInterfaceOrientationLandscapeLeft UIInterfaceOrientationLandscapeRight";
				LD_RUNPATH_SEARCH_PATHS = (
					"$(inherited)",
					"@executable_path/Frameworks",
				);
				MARKETING_VERSION = 1.0;
				PRODUCT_BUNDLE_IDENTIFIER = com.santiagoschz.ResicloApp;
				PRODUCT_NAME = "$(TARGET_NAME)";
				SWIFT_EMIT_LOC_STRINGS = YES;
				SWIFT_VERSION = 5.0;
				TARGETED_DEVICE_FAMILY = "1,2";
			};
			name = Debug;
		};
		DEBE37782CC07AB400B2E3E5 /* Release */ = {
			isa = XCBuildConfiguration;
			buildSettings = {
				ASSETCATALOG_COMPILER_APPICON_NAME = AppIcon;
				ASSETCATALOG_COMPILER_GLOBAL_ACCENT_COLOR_NAME = AccentColor;
				CODE_SIGN_STYLE = Automatic;
				CURRENT_PROJECT_VERSION = 1;
				DEVELOPMENT_ASSET_PATHS = "ResicloApp/Preview\\ Content";
				DEVELOPMENT_TEAM = YQ99SU827F;
				ENABLE_PREVIEWS = YES;
				GENERATE_INFOPLIST_FILE = YES;
				INFOPLIST_FILE = ResicloApp/Info.plist;
				INFOPLIST_KEY_LSApplicationCategoryType = "";
				INFOPLIST_KEY_NSCameraUsageDescription = "We need ypur camera to scan products";
				INFOPLIST_KEY_NSLocationAlwaysAndWhenInUseUsageDescription = "We need your location to show nearby recycling centers.";
				INFOPLIST_KEY_NSLocationWhenInUseUsageDescription = "We need your location to show nearby recycling centers.";
				INFOPLIST_KEY_NSPhotoLibraryUsageDescription = "Access to your phptps for scaning produvts";
				INFOPLIST_KEY_UIApplicationSceneManifest_Generation = YES;
				INFOPLIST_KEY_UIApplicationSupportsIndirectInputEvents = YES;
				INFOPLIST_KEY_UILaunchScreen_Generation = YES;
				INFOPLIST_KEY_UISupportedInterfaceOrientations_iPad = "UIInterfaceOrientationPortrait UIInterfaceOrientationPortraitUpsideDown UIInterfaceOrientationLandscapeLeft UIInterfaceOrientationLandscapeRight";
				INFOPLIST_KEY_UISupportedInterfaceOrientations_iPhone = "UIInterfaceOrientationPortrait UIInterfaceOrientationLandscapeLeft UIInterfaceOrientationLandscapeRight";
				LD_RUNPATH_SEARCH_PATHS = (
					"$(inherited)",
					"@executable_path/Frameworks",
				);
				MARKETING_VERSION = 1.0;
				PRODUCT_BUNDLE_IDENTIFIER = com.santiagoschz.ResicloApp;
				PRODUCT_NAME = "$(TARGET_NAME)";
				SWIFT_EMIT_LOC_STRINGS = YES;
				SWIFT_VERSION = 5.0;
				TARGETED_DEVICE_FAMILY = "1,2";
			};
			name = Release;
		};
/* End XCBuildConfiguration section */

/* Begin XCConfigurationList section */
		DEBE37632CC07AB200B2E3E5 /* Build configuration list for PBXProject "ResicloApp" */ = {
			isa = XCConfigurationList;
			buildConfigurations = (
				DEBE37742CC07AB400B2E3E5 /* Debug */,
				DEBE37752CC07AB400B2E3E5 /* Release */,
			);
			defaultConfigurationIsVisible = 0;
			defaultConfigurationName = Release;
		};
		DEBE37762CC07AB400B2E3E5 /* Build configuration list for PBXNativeTarget "ResicloApp" */ = {
			isa = XCConfigurationList;
			buildConfigurations = (
				DEBE37772CC07AB400B2E3E5 /* Debug */,
				DEBE37782CC07AB400B2E3E5 /* Release */,
			);
			defaultConfigurationIsVisible = 0;
			defaultConfigurationName = Release;
		};
/* End XCConfigurationList section */

/* Begin XCRemoteSwiftPackageReference section */
		430B88772CDD411A0070C0EA /* XCRemoteSwiftPackageReference "SDWebImageSwiftUI" */ = {
			isa = XCRemoteSwiftPackageReference;
			repositoryURL = "https://github.com/SDWebImage/SDWebImageSwiftUI.git";
			requirement = {
				kind = upToNextMajorVersion;
				minimumVersion = 3.1.3;
			};
		};
		DE4E0EEC2CDC1CEE00880A2B /* XCRemoteSwiftPackageReference "GoogleSignIn-ios" */ = {
			isa = XCRemoteSwiftPackageReference;
			repositoryURL = "https://github.com/google/GoogleSignIn-ios";
			requirement = {
				kind = upToNextMajorVersion;
				minimumVersion = 8.0.0;
			};
		};
		DE4E0EF12CDC1D6500880A2B /* XCRemoteSwiftPackageReference "firebase-ios-sdk" */ = {
			isa = XCRemoteSwiftPackageReference;
			repositoryURL = "https://github.com/firebase/firebase-ios-sdk";
			requirement = {
				kind = upToNextMajorVersion;
				minimumVersion = 11.4.0;
			};
		};
		DEE51C3E2CEAE2DF0037304A /* XCRemoteSwiftPackageReference "SwiftEntryKit" */ = {
			isa = XCRemoteSwiftPackageReference;
			repositoryURL = "https://github.com/huri000/SwiftEntryKit.git";
			requirement = {
				kind = upToNextMajorVersion;
				minimumVersion = 2.0.0;
			};
		};
/* End XCRemoteSwiftPackageReference section */

/* Begin XCSwiftPackageProductDependency section */
		430B88782CDD411A0070C0EA /* SDWebImageSwiftUI */ = {
			isa = XCSwiftPackageProductDependency;
			package = 430B88772CDD411A0070C0EA /* XCRemoteSwiftPackageReference "SDWebImageSwiftUI" */;
			productName = SDWebImageSwiftUI;
		};
		DE4E0EED2CDC1CEE00880A2B /* GoogleSignIn */ = {
			isa = XCSwiftPackageProductDependency;
			package = DE4E0EEC2CDC1CEE00880A2B /* XCRemoteSwiftPackageReference "GoogleSignIn-ios" */;
			productName = GoogleSignIn;
		};
		DE4E0EEF2CDC1CEE00880A2B /* GoogleSignInSwift */ = {
			isa = XCSwiftPackageProductDependency;
			package = DE4E0EEC2CDC1CEE00880A2B /* XCRemoteSwiftPackageReference "GoogleSignIn-ios" */;
			productName = GoogleSignInSwift;
		};
		DE4E0EF22CDC1D6500880A2B /* FirebaseAnalytics */ = {
			isa = XCSwiftPackageProductDependency;
			package = DE4E0EF12CDC1D6500880A2B /* XCRemoteSwiftPackageReference "firebase-ios-sdk" */;
			productName = FirebaseAnalytics;
		};
		DE4E0EF42CDC1D6500880A2B /* FirebaseAuth */ = {
			isa = XCSwiftPackageProductDependency;
			package = DE4E0EF12CDC1D6500880A2B /* XCRemoteSwiftPackageReference "firebase-ios-sdk" */;
			productName = FirebaseAuth;
		};
		DE4E0EF62CDC1D6500880A2B /* FirebaseCrashlytics */ = {
			isa = XCSwiftPackageProductDependency;
			package = DE4E0EF12CDC1D6500880A2B /* XCRemoteSwiftPackageReference "firebase-ios-sdk" */;
			productName = FirebaseCrashlytics;
		};
		DE4E0EF82CDC1D6500880A2B /* FirebaseDatabase */ = {
			isa = XCSwiftPackageProductDependency;
			package = DE4E0EF12CDC1D6500880A2B /* XCRemoteSwiftPackageReference "firebase-ios-sdk" */;
			productName = FirebaseDatabase;
		};
		DE4E0EFA2CDC1D6500880A2B /* FirebaseFirestore */ = {
			isa = XCSwiftPackageProductDependency;
			package = DE4E0EF12CDC1D6500880A2B /* XCRemoteSwiftPackageReference "firebase-ios-sdk" */;
			productName = FirebaseFirestore;
		};
		DE4E0EFC2CDC1D6500880A2B /* FirebaseMessaging */ = {
			isa = XCSwiftPackageProductDependency;
			package = DE4E0EF12CDC1D6500880A2B /* XCRemoteSwiftPackageReference "firebase-ios-sdk" */;
			productName = FirebaseMessaging;
		};
		DE4E0EFE2CDC1D6500880A2B /* FirebaseStorage */ = {
			isa = XCSwiftPackageProductDependency;
			package = DE4E0EF12CDC1D6500880A2B /* XCRemoteSwiftPackageReference "firebase-ios-sdk" */;
			productName = FirebaseStorage;
		};
		DEE51C3F2CEAE2DF0037304A /* SwiftEntryKit */ = {
			isa = XCSwiftPackageProductDependency;
			package = DEE51C3E2CEAE2DF0037304A /* XCRemoteSwiftPackageReference "SwiftEntryKit" */;
			productName = SwiftEntryKit;
		};
/* End XCSwiftPackageProductDependency section */
	};
	rootObject = DEBE37602CC07AB200B2E3E5 /* Project object */;
}
